
Microsoft Visual Studio Solution File, Format Version 12.00
# Visual Studio Version 17
VisualStudioVersion = 17.4.33213.308
MinimumVisualStudioVersion = 10.0.40219.1
Project("{FAE04EC0-301F-11D3-BF4B-00C04F79EFBC}") = "GettingReal", "GettingReal.csproj", "{8678E5C1-9201-4FBF-A40F-841A24BE120B}"
EndProject
Global
	GlobalSection(SolutionConfigurationPlatforms) = preSolution
		Debug|Any CPU = Debug|Any CPU
		Release|Any CPU = Release|Any CPU
	EndGlobalSection
	GlobalSection(ProjectConfigurationPlatforms) = postSolution
		{8678E5C1-9201-4FBF-A40F-841A24BE120B}.Debug|Any CPU.ActiveCfg = Debug|Any CPU
		{8678E5C1-9201-4FBF-A40F-841A24BE120B}.Debug|Any CPU.Build.0 = Debug|Any CPU
		{8678E5C1-9201-4FBF-A40F-841A24BE120B}.Release|Any CPU.ActiveCfg = Release|Any CPU
		{8678E5C1-9201-4FBF-A40F-841A24BE120B}.Release|Any CPU.Build.0 = Release|Any CPU
	EndGlobalSection
	GlobalSection(SolutionProperties) = preSolution
		HideSolutionNode = FALSE
	EndGlobalSection
	GlobalSection(ExtensibilityGlobals) = postSolution
		SolutionGuid = {96A973DF-6C8D-4EE8-A6EF-B9A34E50DFC4}
	EndGlobalSection
EndGlobal
